
Microsoft Visual Studio Solution File, Format Version 12.00
# Visual Studio Version 16
VisualStudioVersion = 16.0.30711.63
MinimumVisualStudioVersion = 10.0.40219.1
Project("{FAE04EC0-301F-11D3-BF4B-00C04F79EFBC}") = "LR_3", "LR_3.csproj", "{2A05161D-ADC7-44A7-A993-E771356321A6}"
EndProject
Global
	GlobalSection(SolutionConfigurationPlatforms) = preSolution
		Debug|Any CPU = Debug|Any CPU
		Release|Any CPU = Release|Any CPU
	EndGlobalSection
	GlobalSection(ProjectConfigurationPlatforms) = postSolution
		{2A05161D-ADC7-44A7-A993-E771356321A6}.Debug|Any CPU.ActiveCfg = Debug|Any CPU
		{2A05161D-ADC7-44A7-A993-E771356321A6}.Debug|Any CPU.Build.0 = Debug|Any CPU
		{2A05161D-ADC7-44A7-A993-E771356321A6}.Release|Any CPU.ActiveCfg = Release|Any CPU
		{2A05161D-ADC7-44A7-A993-E771356321A6}.Release|Any CPU.Build.0 = Release|Any CPU
	EndGlobalSection
	GlobalSection(SolutionProperties) = preSolution
		HideSolutionNode = FALSE
	EndGlobalSection
	GlobalSection(ExtensibilityGlobals) = postSolution
		SolutionGuid = {4A529ED8-2560-43C1-BCE6-0F65FF4C24DA}
	EndGlobalSection
EndGlobal
